=C3959981B485DCF3E76AFE79AB6A63C9&itemId=9NBLGGH5R558&skuId=0010&installKind=Install&ctid=store-curated-postoobe&bSrc=i.t&asid=e8a3dc0d562640e7a7b3b0e0facb749f&time=20201112T203231Z
https://ris.api.iris.microsoft.com/v1/a/pin?pg=PC000P0FR5.0000000IQ8&unid=&placementType=PostOOBE&app=&pid=425106550&cid=128000000001392629&tid=700342743&reqasid=58fbefbb816a4c46bb227a24a28296fe&region=TN&lang=EN-GB&oem=&devFam=WINDOWS.DESKTOP&ossku=PROFESSIONAL&cmdVer=10.0.18362.449&mo=&cap=&auid=&anid=&muid=&persid=C3959981B485DCF3E76AFE79AB6A63C9&itemId=9WZDNCRFJ3Q2&skuId=0010&installKind=Install&ctid=store-curated-postoobe&bSrc=i.t&asid=e8a3dc0d562640e7a7b3b0e0facb749f&time=20201112T203231Z
https://ris.api.iris.microsoft.com/v1/a/impression?pg=PC000P0FR5.0000000IQ8&unid=&placementType=PostOOBE&app=&pid=425106550&cid=128000000001392629&tid=700342743&reqasid=58fbefbb816a4c46bb227a24a28296fe&region=TN&lang=EN-GB&oem=&devFam=WINDOWS.DESKTOP&ossku=PROFESSIONAL&cmdVer=10.0.18362.449&mo=&cap=&auid=&anid=&muid=&persid=C3959981B485DCF3E76AFE79AB6A63C9&itemId=9WZDNCRFJ3Q2&skuId=0010&installKind=Install&ctid=store-curated-postoobe&bSrc=i.t&asid=e8a3dc0d562640e7a7b3b0e0facb749f&time=20201112T203231Z
https://ris.api.iris.microsoft.com/v1/a/pi