media.com/
amazon.ca/
infectiousmedia.com/
amgdgt.com/
yandex.ru/clck/counter
smartyads.com/
adop.cc/
bouncex.net/
popularmedia.com/
cbproads.com/
doublepimp.com/
veeseo.com/
optim.al/
baronsoffers.com/
demandmedia.com/
audience2media.com/
admicro.vn/
pixlee.com/
crosspixel.net/
audienceadnetwork.com/
dialogmgr.com/
adrdgt.com/
targetingmarketplace.com/
sexinyourcity.com/
attributionmodel.com/
oversee.net/
adzly.com/
valuead.com/
adsummos.net/
adsvelocity.com/
choicestream.com/
metadsp.co.uk/
eyeconomy.com/
onevision.com.tw/
udmserve.net/
pagefair.com/
batanganetwork.com/
dianomi.com/
adsymptotic.com/
adtechjp.com/
aerifymedia.com/
affinesystems.com/
iprom.net/
adbutler.de/
activeconversion.com/
connextra.com/
ftjcfx.com/
albacross.com/
thenumagroup.com/
xa.net/
adtech.com/
etargetnet.com/
openx.net/
bigmir.net/
w55c.net/
lowermybills.com/
csi-tracking.com/
mmismm.com/
avidglobalmedia.eu/
adlibrium.com/
adzerk.net/
mypressplus.com/
emediate.biz/
adonnetwork.net/
dc-storm.com/
burstmedia.com/
hooklogic.com/
adm